
Microsoft Visual Studio Solution File, Format Version 12.00
# Visual Studio Version 17
VisualStudioVersion = 17.6.33723.286
MinimumVisualStudioVersion = 10.0.40219.1
Project("{9A19103F-16F7-4668-BE54-9A1E7A4F7556}") = "MiniTodo", "MiniTodo.csproj", "{0E9B7958-6392-43EC-89C4-89773FDD9FAA}"
EndProject
Global
	GlobalSection(SolutionConfigurationPlatforms) = preSolution
		Debug|Any CPU = Debug|Any CPU
		Release|Any CPU = Release|Any CPU
	EndGlobalSection
	GlobalSection(ProjectConfigurationPlatforms) = postSolution
		{0E9B7958-6392-43EC-89C4-89773FDD9FAA}.Debug|Any CPU.ActiveCfg = Debug|Any CPU
		{0E9B7958-6392-43EC-89C4-89773FDD9FAA}.Debug|Any CPU.Build.0 = Debug|Any CPU
		{0E9B7958-6392-43EC-89C4-89773FDD9FAA}.Release|Any CPU.ActiveCfg = Release|Any CPU
		{0E9B7958-6392-43EC-89C4-89773FDD9FAA}.Release|Any CPU.Build.0 = Release|Any CPU
	EndGlobalSection
	GlobalSection(SolutionProperties) = preSolution
		HideSolutionNode = FALSE
	EndGlobalSection
	GlobalSection(ExtensibilityGlobals) = postSolution
		SolutionGuid = {56771D56-2DC3-49E8-B06D-5A49DFFD2C17}
	EndGlobalSection
EndGlobal
